// !$*UTF8*$!
{
	archiveVersion = 1;
	classes = {
	};
	objectVersion = 50;
	objects = {

/* Begin PBXBuildFile section */
		9DB340D025C3779300B0D72C /* Simulator Screen Shot - iPhone 11 - 2021-01-28 at 23.08.24.png in Resources */ = {isa = PBXBuildFile; fileRef = 9DB340CD25C3779300B0D72C /* Simulator Screen Shot - iPhone 11 - 2021-01-28 at 23.08.24.png */; };
		9DB340D125C3779300B0D72C /* Simulator Screen Shot - iPhone 11 - 2021-01-28 at 23.08.17.png in Resources */ = {isa = PBXBuildFile; fileRef = 9DB340CE25C3779300B0D72C /* Simulator Screen Shot - iPhone 11 - 2021-01-28 at 23.08.17.png */; };
		9DB340D225C3779300B0D72C /* Simulator Screen Shot - iPad Pro (9.7-inch) - 2021-01-28 at 23.10.55.png in Resources */ = {isa = PBXBuildFile; fileRef = 9DB340CF25C3779300B0D72C /* Simulator Screen Shot - iPad Pro (9.7-inch) - 2021-01-28 at 23.10.55.png */; };
		9DB4996D25C2A3BB00FE084C /* AppDelegate.swift in Sources */ = {isa = PBXBuildFile; fileRef = 9DB4996C25C2A3BB00FE084C /* AppDelegate.swift */; };
		9DB4996F25C2A3BB00FE084C /* SceneDelegate.swift in Sources */ = {isa = PBXBuildFile; fileRef = 9DB4996E25C2A3BB00FE084C /* SceneDelegate.swift */; };
		9DB4997125C2A3BB00FE084C /* ViewController.swift in Sources */ = {isa = PBXBuildFile; fileRef = 9DB4997025C2A3BB00FE084C /* ViewController.swift */; };
		9DB4997425C2A3BB00FE084C /* Main.storyboard in Resources */ = {isa = PBXBuildFile; fileRef = 9DB4997225C2A3BB00FE084C /* Main.storyboard */; };
		9DB4997625C2A3BD00FE084C /* Assets.xcassets in Resources */ = {isa = PBXBuildFile; fileRef = 9DB4997525C2A3BD00FE084C /* Assets.xcassets */; };
		9DB4997925C2A3BD00FE084C /* LaunchScreen.storyboard in Resources */ = {isa = PBXBuildFile; fileRef = 9DB4997725C2A3BD00FE084C /* LaunchScreen.storyboard */; };
/* End PBXBuildFile section */

/* Begin PBXFileReference section */
		9DB340CD25C3779300B0D72C /* Simulator Screen Shot - iPhone 11 - 2021-01-28 at 23.08.24.png */ = {isa = PBXFileReference; lastKnownFileType = image.png; path = "Simulator Screen Shot - iPhone 11 - 2021-01-28 at 23.08.24.png"; sourceTree = "<group>"; };
		9DB340CE25C3779300B0D72C /* Simulator Screen Shot - iPhone 11 - 2021-01-28 at 23.08.17.png */ = {isa = PBXFileReference; lastKnownFileType = image.png; path = "Simulator Screen Shot - iPhone 11 - 2021-01-28 at 23.08.17.png"; sourceTree = "<group>"; };
		9DB340CF25C3779300B0D72C /* Simulator Screen Shot - iPad Pro (9.7-inch) - 2021-01-28 at 23.10.55.png */ = {isa = PBXFileReference; lastKnownFileType = image.png; path = "Simulator Screen Shot - iPad Pro (9.7-inch) - 2021-01-28 at 23.10.55.png"; sourceTree = "<group>"; };
		9DB4996925C2A3BB00FE084C /* StudentTutor.app */ = {isa = PBXFileReference; explicitFileType = wrapper.application; includeInIndex = 0; path = StudentTutor.app; sourceTree = BUILT_PRODUCTS_DIR; };
		9DB4996C25C2A3BB00FE084C /* AppDelegate.swift */ = {isa = PBXFileReference; lastKnownFileType = sourcecode.swift; path = AppDelegate.swift; sourceTree = "<group>"; };
		9DB4996E25C2A3BB00FE084C /* SceneDelegate.swift */ = {isa = PBXFileReference; lastKnownFileType = sourcecode.swift; path = SceneDelegate.swift; sourceTree = "<group>"; };
		9DB4997025C2A3BB00FE084C /* ViewController.swift */ = {isa = PBXFileReference; lastKnownFileType = sourcecode.swift; path = ViewController.swift; sourceTree = "<group>"; };
		9DB4997325C2A3BB00FE084C /* Base */ = {isa = PBXFileReference; lastKnownFileType = file.storyboard; name = Base; path = Base.lproj/Main.storyboard; sourceTree = "<group>"; };
		9DB4997525C2A3BD00FE084C /* Assets.xcassets */ = {isa = PBXFileReference; lastKnownFileType = folder.assetcatalog; path = Assets.xcassets; sourceTree = "<group>"; };
		9DB4997825C2A3BD00FE084C /* Base */ = {isa = PBXFileReference; lastKnownFileType = file.storyboard; name = Base; path = Base.lproj/LaunchScreen.storyboard; sourceTree = "<group>"; };
		9DB4997A25C2A3BD00FE084C /* Info.plist */ = {isa = PBXFileReference; lastKnownFileType = text.plist.xml; path = Info.plist; sourceTree = "<group>"; };
/* End PBXFileReference section */

/* Begin PBXFrameworksBuildPhase section */
		9DB4996625C2A3BB00FE084C /* Frameworks */ = {
			isa = PBXFrameworksBuildPhase;
			buildActionMask = 2147483647;
			files = (
			);
			runOnlyForDeploymentPostprocessing = 0;
		};
/* End PBXFrameworksBuildPhase section */

/* Begin PBXGroup section */
		9DB340CC25C3779300B0D72C /* Screenshots */ = {
			isa = PBXGroup;
			children = (
				9DB340CD25C3779300B0D72C /* Simulator Screen Shot - iPhone 11 - 2021-01-28 at 23.08.24.png */,
				9DB340CE25C3779300B0D72C /* Simulator Screen Shot - iPhone 11 - 2021-01-28 at 23.08.17.png */,
				9DB340CF25C3779300B0D72C /* Simulator Screen Shot - iPad Pro (9.7-inch) - 2021-01-28 at 23.10.55.png */,
			);
			name = Screenshots;
			path = ../../../../Desktop/Screenshots;
			sourceTree = "<group>";
		};
		9DB4996025C2A3BB00FE084C = {
			isa = PBXGroup;
			children = (
				9DB4996B25C2A3BB00FE084C /* StudentTutor */,
				9DB4996A25C2A3BB00FE084C /* Products */,
			);
			sourceTree = "<group>";
		};
		9DB4996A25C2A3BB00FE084C /* Products */ = {
			isa = PBXGroup;
			children = (
				9DB4996925C2A3BB00FE084C /* StudentTutor.app */,
			);
			name = Products;
			sourceTree = "<group>";
		};
		9DB4996B25C2A3BB00FE084C /* StudentTutor */ = {
			isa = PBXGroup;
			children = (
				9DB4996C25C2A3BB00FE084C /* AppDelegate.swift */,
				9DB4996E25C2A3BB00FE084C /* SceneDelegate.swift */,
				9DB4997025C2A3BB00FE084C /* ViewController.swift */,
				9DB340CC25C3779300B0D72C /* Screenshots */,
				9DB4997225C2A3BB00FE084C /* Main.storyboard */,
				9DB4997525C2A3BD00FE084C /* Assets.xcassets */,
				9DB4997725C2A3BD00FE084C /* LaunchScreen.storyboard */,
				9DB4997A25C2A3BD00FE084C /* Info.plist */,
			);
			path = StudentTutor;
			sourceTree = "<group>";
		};
/* End PBXGroup section */

/* Begin PBXNativeTarget section */
		9DB4996825C2A3BB00FE084C /* StudentTutor */ = {
			isa = PBXNativeTarget;
			buildConfigurationList = 9DB4997D25C2A3BD00FE084C /* Build configuration list for PBXNativeTarget "StudentTutor" */;
			buildPhases = (
				9DB4996525C2A3BB00FE084C /* Sources */,
				9DB4996625C2A3BB00FE084C /* Frameworks */,
				9DB4996725C2A3BB00FE084C /* Resources */,
			);
			buildRules = (
			);
			dependencies = (
			);
			name = StudentTutor;
			productName = StudentTutor;
			productReference = 9DB4996925C2A3BB00FE084C /* StudentTutor.app */;
			productType = "com.apple.product-type.application";
		};
/* End PBXNativeTarget section */

/* Begin PBXProject section */
		9DB4996125C2A3BB00FE084C /* Project object */ = {
			isa = PBXProject;
			attributes = {
				LastSwiftUpdateCheck = 1220;
				LastUpgradeCheck = 1220;
				TargetAttributes = {
					9DB4996825C2A3BB00FE084C = {
						CreatedOnToolsVersion = 12.2;
					};
				};
			};
			buildConfigurationList = 9DB4996425C2A3BB00FE084C /* Build configuration list for PBXProject "StudentTutor" */;
			compatibilityVersion = "Xcode 9.3";
			developmentRegion = en;
			hasScannedForEncodings = 0;
			knownRegions = (
				en,
				Base,
			);
			mainGroup = 9DB4996025C2A3BB00FE084C;
			productRefGroup = 9DB4996A25C2A3BB00FE084C /* Products */;
			projectDirPath = "";
			projectRoot = "";
			targets = (
				9DB4996825C2A3BB00FE084C /* StudentTutor */,
			);
		};
/* End PBXProject section */

/* Begin PBXResourcesBuildPhase section */
		9DB4996725C2A3BB00FE084C /* Resources */ = {
			isa = PBXResourcesBuildPhase;
			buildActionMask = 2147483647;
			files = (
				9DB340D025C3779300B0D72C /* Simulator Screen Shot - iPhone 11 - 2021-01-28 at 23.08.24.png in Resources */,
				9DB4997925C2A3BD00FE084C /* LaunchScreen.storyboard in Resources */,
				9DB4997625C2A3BD00FE084C /* Assets.xcassets in Resources */,
				9DB340D225C3779300B0D72C /* Simulator Screen Shot - iPad Pro (9.7-inch) - 2021-01-28 at 23.10.55.png in Resources */,
				9DB340D125C3779300B0D72C /* Simulator Screen Shot - iPhone 11 - 2021-01-28 at 23.08.17.png in Resources */,
				9DB4997425C2A3BB00FE084C /* Main.storyboard in Resources */,
			);
			runOnlyForDeploymentPostprocessing = 0;
		};
/* End PBXResourcesBuildPhase section */

/* Begin PBXSourcesBuildPhase section */
		9DB4996525C2A3BB00FE084C /* Sources */ = {
			isa = PBXSourcesBuildPhase;
			buildActionMask = 2147483647;
			files = (
				9DB4997125C2A3BB00FE084C /* ViewController.swift in Sources */,
				9DB4996D25C2A3BB00FE084C /* AppDelegate.swift in Sources */,
				9DB4996F25C2A3BB00FE084C /* SceneDelegate.swift in Sources */,
			);
			runOnlyForDeploymentPostprocessing = 0;
		};
/* End PBXSourcesBuildPhase section */

/* Begin PBXVariantGroup section */
		9DB4997225C2A3BB00FE084C /* Main.storyboard */ = {
			isa = PBXVariantGroup;
			children = (
				9DB4997325C2A3BB00FE084C /* Base */,
			);
			name = Main.storyboard;
			sourceTree = "<group>";
		};
		9DB4997725C2A3BD00FE084C /* LaunchScreen.storyboard */ = {
			isa = PBXVariantGroup;
			children = (
				9DB4997825C2A3BD00FE084C /* Base */,
			);
			name = LaunchScreen.storyboard;
			sourceTree = "<group>";
		};
/* End PBXVariantGroup section */

/* Begin XCBuildConfiguration section */
		9DB4997B25C2A3BD00FE084C /* Debug */ = {
			isa = XCBuildConfiguration;
			buildSettings = {
				ALWAYS_SEARCH_USER_PATHS = NO;
				CLANG_ANALYZER_NONNULL = YES;
				CLANG_ANALYZER_NUMBER_OBJECT_CONVERSION = YES_AGGRESSIVE;
				CLANG_CXX_LANGUAGE_STANDARD = "gnu++14";
				CLANG_CXX_LIBRARY = "libc++";
				CLANG_ENABLE_MODULES = YES;
				CLANG_ENABLE_OBJC_ARC = YES;
				CLANG_ENABLE_OBJC_WEAK = YES;
				CLANG_WARN_BLOCK_CAPTURE_AUTORELEASING = YES;
				CLANG_WARN_BOOL_CONVERSION = YES;
				CLANG_WARN_COMMA = YES;
				CLANG_WARN_CONSTANT_CONVERSION = YES;
				CLANG_WARN_DEPRECATED_OBJC_IMPLEMENTATIONS = YES;
				CLANG_WARN_DIRECT_OBJC_ISA_USAGE = YES_ERROR;
				CLANG_WARN_DOCUMENTATION_COMMENTS = YES;
				CLANG_WARN_EMPTY_BODY = YES;
				CLANG_WARN_ENUM_CONVERSION = YES;
				CLANG_WARN_INFINITE_RECURSION = YES;
				CLANG_WARN_INT_CONVERSION = YES;
				CLANG_WARN_NON_LITERAL_NULL_CONVERSION = YES;
				CLANG_WARN_OBJC_IMPLICIT_RETAIN_SELF = YES;
				CLANG_WARN_OBJC_LITERAL_CONVERSION = YES;
				CLANG_WARN_OBJC_ROOT_CLASS = YES_ERROR;
				CLANG_WARN_QUOTED_INCLUDE_IN_FRAMEWORK_HEADER = YES;
				CLANG_WARN_RANGE_LOOP_ANALYSIS = YES;
				CLANG_WARN_STRICT_PROTOTYPES = YES;
				CLANG_WARN_SUSPICIOUS_MOVE = YES;
				CLANG_WARN_UNGUARDED_AVAILABILITY = YES_AGGRESSIVE;
				CLANG_WARN_UNREACHABLE_CODE = YES;
				CLANG_WARN__DUPLICATE_METHOD_MATCH = YES;
				COPY_PHASE_STRIP = NO;
				DEBUG_INFORMATION_FORMAT = dwarf;
				ENABLE_STRICT_OBJC_MSGSEND = YES;
				ENABLE_TESTABILITY = YES;
				GCC_C_LANGUAGE_STANDARD = gnu11;
				GCC_DYNAMIC_NO_PIC = NO;
				GCC_NO_COMMON_BLOCKS = YES;
				GCC_OPTIMIZATION_LEVEL = 0;
				GCC_PREPROCESSOR_DEFINITIONS = (
					"DEBUG=1",
					"$(inherited)",
				);
				GCC_WARN_64_TO_32_BIT_CONVERSION = YES;
				GCC_WARN_ABOUT_RETURN_TYPE = YES_ERROR;
				GCC_WARN_UNDECLARED_SELECTOR = YES;
				GCC_WARN_UNINITIALIZED_AUTOS = YES_AGGRESSIVE;
				GCC_WARN_UNUSED_FUNCTION = YES;
				GCC_WARN_UNUSED_VARIABLE = YES;
				IPHONEOS_DEPLOYMENT_TARGET = 14.2;
				MTL_ENABLE_DEBUG_INFO = INCLUDE_SOURCE;
				MTL_FAST_MATH = YES;
				ONLY_ACTIVE_ARCH = YES;
				SDKROOT = iphoneos;
				SWIFT_ACTIVE_COMPILATION_CONDITIONS = DEBUG;
				SWIFT_OPTIMIZATION_LEVEL = "-Onone";
			};
			name = Debug;
		};
		9DB4997C25C2A3BD00FE084C /* Release */ = {
			isa = XCBuildConfiguration;
			buildSettings = {
				ALWAYS_SEARCH_USER_PATHS = NO;
				CLANG_ANALYZER_NONNULL = YES;
				CLANG_ANALYZER_NUMBER_OBJECT_CONVERSION = YES_AGGRESSIVE;
				CLANG_CXX_LANGUAGE_STANDARD = "gnu++14";
				CLANG_CXX_LIBRARY = "libc++";
				CLANG_ENABLE_MODULES = YES;
				CLANG_ENABLE_OBJC_ARC = YES;
				CLANG_ENABLE_OBJC_WEAK = YES;
				CLANG_WARN_BLOCK_CAPTURE_AUTORELEASING = YES;
				CLANG_WARN_BOOL_CONVERSION = YES;
				CLANG_WARN_COMMA = YES;
				CLANG_WARN_CONSTANT_CONVERSION = YES;
				CLANG_WARN_DEPRECATED_OBJC_IMPLEMENTATIONS = YES;
				CLANG_WARN_DIRECT_OBJC_ISA_USAGE = YES_ERROR;
				CLANG_WARN_DOCUMENTATION_COMMENTS = YES;
				CLANG_WARN_EMPTY_BODY = YES;
				CLANG_WARN_ENUM_CONVERSION = YES;
				CLANG_WARN_INFINITE_RECURSION = YES;
				CLANG_WARN_INT_CONVERSION = YES;
				CLANG_WARN_NON_LITERAL_NULL_CONVERSION = YES;
				CLANG_WARN_OBJC_IMPLICIT_RETAIN_SELF = YES;
				CLANG_WARN_OBJC_LITERAL_CONVERSION = YES;
				CLANG_WARN_OBJC_ROOT_CLASS = YES_ERROR;
				CLANG_WARN_QUOTED_INCLUDE_IN_FRAMEWORK_HEADER = YES;
				CLANG_WARN_RANGE_LOOP_ANALYSIS = YES;
				CLANG_WARN_STRICT_PROTOTYPES = YES;
				CLANG_WARN_SUSPICIOUS_MOVE = YES;
				CLANG_WARN_UNGUARDED_AVAILABILITY = YES_AGGRESSIVE;
				CLANG_WARN_UNREACHABLE_CODE = YES;
				CLANG_WARN__DUPLICATE_METHOD_MATCH = YES;
				COPY_PHASE_STRIP = NO;
				DEBUG_INFORMATION_FORMAT = "dwarf-with-dsym";
				ENABLE_NS_ASSERTIONS = NO;
				ENABLE_STRICT_OBJC_MSGSEND = YES;
				GCC_C_LANGUAGE_STANDARD = gnu11;
				GCC_NO_COMMON_BLOCKS = YES;
				GCC_WARN_64_TO_32_BIT_CONVERSION = YES;
				GCC_WARN_ABOUT_RETURN_TYPE = YES_ERROR;
				GCC_WARN_UNDECLARED_SELECTOR = YES;
				GCC_WARN_UNINITIALIZED_AUTOS = YES_AGGRESSIVE;
				GCC_WARN_UNUSED_FUNCTION = YES;
				GCC_WARN_UNUSED_VARIABLE = YES;
				IPHONEOS_DEPLOYMENT_TARGET = 14.2;
				MTL_ENABLE_DEBUG_INFO = NO;
				MTL_FAST_MATH = YES;
				SDKROOT = iphoneos;
				SWIFT_COMPILATION_MODE = wholemodule;
				SWIFT_OPTIMIZATION_LEVEL = "-O";
				VALIDATE_PRODUCT = YES;
			};
			name = Release;
		};
		9DB4997E25C2A3BD00FE084C /* Debug */ = {
			isa = XCBuildConfiguration;
			buildSettings = {
				ASSETCATALOG_COMPILER_APPICON_NAME = AppIcon;
				ASSETCATALOG_COMPILER_GLOBAL_ACCENT_COLOR_NAME = AccentColor;
				CODE_SIGN_STYLE = Automatic;
				DEVELOPMENT_TEAM = D83993USZY;
				INFOPLIST_FILE = StudentTutor/Info.plist;
				LD_RUNPATH_SEARCH_PATHS = (
					"$(inherited)",
					"@executable_path/Frameworks",
				);
				PRODUCT_BUNDLE_IDENTIFIER = com.gdlkk.StudentTutor;
				PRODUCT_NAME = "$(TARGET_NAME)";
				SWIFT_VERSION = 5.0;
				TARGETED_DEVICE_FAMILY = "1,2";
			};
			name = Debug;
		};
		9DB4997F25C2A3BD00FE084C /* Release */ = {
			isa = XCBuildConfiguration;
			buildSettings = {
				ASSETCATALOG_COMPILER_APPICON_NAME = AppIcon;
				ASSETCATALOG_COMPILER_GLOBAL_ACCENT_COLOR_NAME = AccentColor;
				CODE_SIGN_STYLE = Automatic;
				DEVELOPMENT_TEAM = D83993USZY;
				INFOPLIST_FILE = StudentTutor/Info.plist;
				LD_RUNPATH_SEARCH_PATHS = (
					"$(inherited)",
					"@executable_path/Frameworks",
				);
				PRODUCT_BUNDLE_IDENTIFIER = com.gdlkk.StudentTutor;
				PRODUCT_NAME = "$(TARGET_NAME)";
				SWIFT_VERSION = 5.0;
				TARGETED_DEVICE_FAMILY = "1,2";
			};
			name = Release;
		};
/* End XCBuildConfiguration section */

/* Begin XCConfigurationList section */
		9DB4996425C2A3BB00FE084C /* Build configuration list for PBXProject "StudentTutor" */ = {
			isa = XCConfigurationList;
			buildConfigurations = (
				9DB4997B25C2A3BD00FE084C /* Debug */,
				9DB4997C25C2A3BD00FE084C /* Release */,
			);
			defaultConfigurationIsVisible = 0;
			defaultConfigurationName = Release;
		};
		9DB4997D25C2A3BD00FE084C /* Build configuration list for PBXNativeTarget "StudentTutor" */ = {
			isa = XCConfigurationList;
			buildConfigurations = (
				9DB4997E25C2A3BD00FE084C /* Debug */,
				9DB4997F25C2A3BD00FE084C /* Release */,
			);
			defaultConfigurationIsVisible = 0;
			defaultConfigurationName = Release;
		};
/* End XCConfigurationList section */
	};
	rootObject = 9DB4996125C2A3BB00FE084C /* Project object */;
}
